
Microsoft Visual Studio Solution File, Format Version 12.00
# Visual Studio Version 17
VisualStudioVersion = 17.7.34202.233
MinimumVisualStudioVersion = 10.0.40219.1
Project("{9A19103F-16F7-4668-BE54-9A1E7A4F7556}") = "Proyecto-Integrador-Club", "Proyecto-Integrador-Club.csproj", "{3378490A-CD36-43BE-9D9C-3971AA3DC306}"
EndProject
Global
	GlobalSection(SolutionConfigurationPlatforms) = preSolution
		Debug|Any CPU = Debug|Any CPU
		Release|Any CPU = Release|Any CPU
	EndGlobalSection
	GlobalSection(ProjectConfigurationPlatforms) = postSolution
		{3378490A-CD36-43BE-9D9C-3971AA3DC306}.Debug|Any CPU.ActiveCfg = Release|Any CPU
		{3378490A-CD36-43BE-9D9C-3971AA3DC306}.Debug|Any CPU.Build.0 = Release|Any CPU
		{3378490A-CD36-43BE-9D9C-3971AA3DC306}.Release|Any CPU.ActiveCfg = Release|Any CPU
		{3378490A-CD36-43BE-9D9C-3971AA3DC306}.Release|Any CPU.Build.0 = Release|Any CPU
	EndGlobalSection
	GlobalSection(SolutionProperties) = preSolution
		HideSolutionNode = FALSE
	EndGlobalSection
	GlobalSection(ExtensibilityGlobals) = postSolution
		SolutionGuid = {458AF6AE-5F52-49D8-BF44-A0BE31DFD7C0}
	EndGlobalSection
EndGlobal
